
Microsoft Visual Studio Solution File, Format Version 12.00
# Visual Studio Version 17
VisualStudioVersion = 17.5.002.0
MinimumVisualStudioVersion = 10.0.40219.1
Project("{9A19103F-16F7-4668-BE54-9A1E7A4F7556}") = "Game", "Game.csproj", "{BFB50D4C-9376-4F41-827E-FEE35C2E0051}"
EndProject
Global
	GlobalSection(SolutionConfigurationPlatforms) = preSolution
		Debug|Any CPU = Debug|Any CPU
		Release|Any CPU = Release|Any CPU
	EndGlobalSection
	GlobalSection(ProjectConfigurationPlatforms) = postSolution
		{BFB50D4C-9376-4F41-827E-FEE35C2E0051}.Debug|Any CPU.ActiveCfg = Debug|Any CPU
		{BFB50D4C-9376-4F41-827E-FEE35C2E0051}.Debug|Any CPU.Build.0 = Debug|Any CPU
		{BFB50D4C-9376-4F41-827E-FEE35C2E0051}.Release|Any CPU.ActiveCfg = Release|Any CPU
		{BFB50D4C-9376-4F41-827E-FEE35C2E0051}.Release|Any CPU.Build.0 = Release|Any CPU
	EndGlobalSection
	GlobalSection(SolutionProperties) = preSolution
		HideSolutionNode = FALSE
	EndGlobalSection
	GlobalSection(ExtensibilityGlobals) = postSolution
		SolutionGuid = {3E9CAB93-F88B-4888-AF67-B80F94ADE824}
	EndGlobalSection
EndGlobal
